
Microsoft Visual Studio Solution File, Format Version 12.00
# Visual Studio 15
VisualStudioVersion = 15.0.27130.2027
MinimumVisualStudioVersion = 10.0.40219.1
Project("{9A19103F-16F7-4668-BE54-9A1E7A4F7556}") = "Channel7_Coding_FrontEnd", "Channel7_Coding_FrontEnd\Channel7_Coding_FrontEnd.csproj", "{64E31C9E-6DDF-48CF-8B78-B2E0924A108F}"
	ProjectSection(ProjectDependencies) = postProject
		{B301FE61-77C1-474A-8A54-F9ED970A7D5C} = {B301FE61-77C1-474A-8A54-F9ED970A7D5C}
	EndProjectSection
EndProject
Project("{9A19103F-16F7-4668-BE54-9A1E7A4F7556}") = "Channel7_Coding_UnitTesting", "Channel7_Coding_UnitTesting\Channel7_Coding_UnitTesting.csproj", "{ED5F9C3F-C3A2-44C2-B1BE-BFA17A1D9DB6}"
EndProject
Project("{9A19103F-16F7-4668-BE54-9A1E7A4F7556}") = "Channel7_Coding _BusinessLogicLayer", "Channel7_Coding _BusinessLogicLayer\Channel7_Coding _BusinessLogicLayer.csproj", "{B301FE61-77C1-474A-8A54-F9ED970A7D5C}"
EndProject
Global
	GlobalSection(SolutionConfigurationPlatforms) = preSolution
		Debug|Any CPU = Debug|Any CPU
		Release|Any CPU = Release|Any CPU
	EndGlobalSection
	GlobalSection(ProjectConfigurationPlatforms) = postSolution
		{64E31C9E-6DDF-48CF-8B78-B2E0924A108F}.Debug|Any CPU.ActiveCfg = Debug|Any CPU
		{64E31C9E-6DDF-48CF-8B78-B2E0924A108F}.Debug|Any CPU.Build.0 = Debug|Any CPU
		{64E31C9E-6DDF-48CF-8B78-B2E0924A108F}.Release|Any CPU.ActiveCfg = Release|Any CPU
		{64E31C9E-6DDF-48CF-8B78-B2E0924A108F}.Release|Any CPU.Build.0 = Release|Any CPU
		{ED5F9C3F-C3A2-44C2-B1BE-BFA17A1D9DB6}.Debug|Any CPU.ActiveCfg = Debug|Any CPU
		{ED5F9C3F-C3A2-44C2-B1BE-BFA17A1D9DB6}.Debug|Any CPU.Build.0 = Debug|Any CPU
		{ED5F9C3F-C3A2-44C2-B1BE-BFA17A1D9DB6}.Release|Any CPU.ActiveCfg = Release|Any CPU
		{ED5F9C3F-C3A2-44C2-B1BE-BFA17A1D9DB6}.Release|Any CPU.Build.0 = Release|Any CPU
		{B301FE61-77C1-474A-8A54-F9ED970A7D5C}.Debug|Any CPU.ActiveCfg = Debug|Any CPU
		{B301FE61-77C1-474A-8A54-F9ED970A7D5C}.Debug|Any CPU.Build.0 = Debug|Any CPU
		{B301FE61-77C1-474A-8A54-F9ED970A7D5C}.Release|Any CPU.ActiveCfg = Release|Any CPU
		{B301FE61-77C1-474A-8A54-F9ED970A7D5C}.Release|Any CPU.Build.0 = Release|Any CPU
	EndGlobalSection
	GlobalSection(SolutionProperties) = preSolution
		HideSolutionNode = FALSE
	EndGlobalSection
	GlobalSection(ExtensibilityGlobals) = postSolution
		SolutionGuid = {4BF043B3-878A-499B-B494-5F73B8EF14FD}
	EndGlobalSection
EndGlobal
